// !$*UTF8*$!
{
	archiveVersion = 1;
	classes = {
	};
	objectVersion = 56;
	objects = {

/* Begin PBXBuildFile section */
		CE108BD62AB33A28003BF3C0 /* ProfileHeaderView.swift in Sources */ = {isa = PBXBuildFile; fileRef = CE108BD52AB33A28003BF3C0 /* ProfileHeaderView.swift */; };
		CE46BC242B4EB45700BBDDD0 /* CustomButton.swift in Sources */ = {isa = PBXBuildFile; fileRef = CE46BC232B4EB45700BBDDD0 /* CustomButton.swift */; };
		CE46BC262B4F26A100BBDDD0 /* FeedViewModel.swift in Sources */ = {isa = PBXBuildFile; fileRef = CE46BC252B4F26A100BBDDD0 /* FeedViewModel.swift */; };
		CE46BC322B5188CF00BBDDD0 /* SecretWord.swift in Sources */ = {isa = PBXBuildFile; fileRef = CE46BC312B5188CE00BBDDD0 /* SecretWord.swift */; };
		CE498A962B77978A00F2D356 /* Coordinator.swift in Sources */ = {isa = PBXBuildFile; fileRef = CE498A952B77978A00F2D356 /* Coordinator.swift */; };
		CE498A982B7797B500F2D356 /* FeedCoordinator.swift in Sources */ = {isa = PBXBuildFile; fileRef = CE498A972B7797B500F2D356 /* FeedCoordinator.swift */; };
		CE498A9A2B7797ED00F2D356 /* MainCoordinator.swift in Sources */ = {isa = PBXBuildFile; fileRef = CE498A992B7797ED00F2D356 /* MainCoordinator.swift */; };
		CE498A9C2B77982000F2D356 /* ProfileCoordinator.swift in Sources */ = {isa = PBXBuildFile; fileRef = CE498A9B2B77982000F2D356 /* ProfileCoordinator.swift */; };
		CE498A9E2B779F8200F2D356 /* Factory.swift in Sources */ = {isa = PBXBuildFile; fileRef = CE498A9D2B779F8200F2D356 /* Factory.swift */; };
		CE498AA02B77A00200F2D356 /* Checker.swift in Sources */ = {isa = PBXBuildFile; fileRef = CE498A9F2B77A00200F2D356 /* Checker.swift */; };
		CE498AA22B77A03100F2D356 /* LoginInspector.swift in Sources */ = {isa = PBXBuildFile; fileRef = CE498AA12B77A03100F2D356 /* LoginInspector.swift */; };
		CE498AA42B77A25200F2D356 /* PostViewController.swift in Sources */ = {isa = PBXBuildFile; fileRef = CE498AA32B77A25200F2D356 /* PostViewController.swift */; };
		CE905E432B1528FF000D4894 /* CurrentUserService.swift in Sources */ = {isa = PBXBuildFile; fileRef = CE905E422B1528FF000D4894 /* CurrentUserService.swift */; };
		CE905E452B15341B000D4894 /* TestUserService.swift in Sources */ = {isa = PBXBuildFile; fileRef = CE905E442B15341B000D4894 /* TestUserService.swift */; };
		CE93807C2B08F44600765D81 /* StorageService.h in Headers */ = {isa = PBXBuildFile; fileRef = CE93807B2B08F44600765D81 /* StorageService.h */; settings = {ATTRIBUTES = (Public, ); }; };
		CE93807F2B08F44600765D81 /* StorageService.framework in Frameworks */ = {isa = PBXBuildFile; fileRef = CE9380792B08F44600765D81 /* StorageService.framework */; };
		CE9380802B08F44600765D81 /* StorageService.framework in Embed Frameworks */ = {isa = PBXBuildFile; fileRef = CE9380792B08F44600765D81 /* StorageService.framework */; settings = {ATTRIBUTES = (CodeSignOnCopy, RemoveHeadersOnCopy, ); }; };
		CE9380852B08F46A00765D81 /* Post.swift in Sources */ = {isa = PBXBuildFile; fileRef = CE9380842B08F46A00765D81 /* Post.swift */; };
		CE9EBBAC2B34689A0059BEA4 /* iOSIntPackage in Frameworks */ = {isa = PBXBuildFile; productRef = CE9EBBAB2B34689A0059BEA4 /* iOSIntPackage */; };
		CEB1B27B2AD191C8007F4521 /* LogInViewController.swift in Sources */ = {isa = PBXBuildFile; fileRef = CEB1B27A2AD191C8007F4521 /* LogInViewController.swift */; };
		CEB1B27D2AD1924A007F4521 /* PostTableViewCell.swift in Sources */ = {isa = PBXBuildFile; fileRef = CEB1B27C2AD1924A007F4521 /* PostTableViewCell.swift */; };
		CEB1B27F2AD193F6007F4521 /* ExtensionUIView.swift.swift in Sources */ = {isa = PBXBuildFile; fileRef = CEB1B27E2AD193F6007F4521 /* ExtensionUIView.swift.swift */; };
		CEB1B2812AD1943A007F4521 /* ExtentionUIImage.swift.swift in Sources */ = {isa = PBXBuildFile; fileRef = CEB1B2802AD1943A007F4521 /* ExtentionUIImage.swift.swift */; };
		CEB1B2832AE41F0D007F4521 /* PhotosTableViewCell.swift in Sources */ = {isa = PBXBuildFile; fileRef = CEB1B2822AE41F0D007F4521 /* PhotosTableViewCell.swift */; };
		CEB1B2852AE41F82007F4521 /* PhotosViewController.swift in Sources */ = {isa = PBXBuildFile; fileRef = CEB1B2842AE41F82007F4521 /* PhotosViewController.swift */; };
		CEB1B2872AE41FBC007F4521 /* PhotosCollectionViewCell.swift in Sources */ = {isa = PBXBuildFile; fileRef = CEB1B2862AE41FBC007F4521 /* PhotosCollectionViewCell.swift */; };
		CEB1B2892AE42012007F4521 /* Photos.swift in Sources */ = {isa = PBXBuildFile; fileRef = CEB1B2882AE42012007F4521 /* Photos.swift */; };
		CEB4AA272AAB728E00FEBA24 /* InfoViewController.swift in Sources */ = {isa = PBXBuildFile; fileRef = CEB4AA262AAB728E00FEBA24 /* InfoViewController.swift */; };
		CEB4D0312AAA027F00E10B95 /* AppDelegate.swift in Sources */ = {isa = PBXBuildFile; fileRef = CEB4D0302AAA027F00E10B95 /* AppDelegate.swift */; };
		CEB4D0332AAA027F00E10B95 /* SceneDelegate.swift in Sources */ = {isa = PBXBuildFile; fileRef = CEB4D0322AAA027F00E10B95 /* SceneDelegate.swift */; };
		CEB4D03A2AAA028100E10B95 /* Assets.xcassets in Resources */ = {isa = PBXBuildFile; fileRef = CEB4D0392AAA028100E10B95 /* Assets.xcassets */; };
		CEB4D03D2AAA028100E10B95 /* LaunchScreen.storyboard in Resources */ = {isa = PBXBuildFile; fileRef = CEB4D03B2AAA028100E10B95 /* LaunchScreen.storyboard */; };
		CEB7A5A52B13987700031ED1 /* User.swift in Sources */ = {isa = PBXBuildFile; fileRef = CEB7A5A42B13987700031ED1 /* User.swift */; };
		CECD35AC2AAA2CD900AB00B6 /* FeedViewController.swift in Sources */ = {isa = PBXBuildFile; fileRef = CECD35AB2AAA2CD900AB00B6 /* FeedViewController.swift */; };
		CECD35AE2AAA2D1F00AB00B6 /* ProfileViewController.swift in Sources */ = {isa = PBXBuildFile; fileRef = CECD35AD2AAA2D1F00AB00B6 /* ProfileViewController.swift */; };
/* End PBXBuildFile section */

/* Begin PBXContainerItemProxy section */
		CE93807D2B08F44600765D81 /* PBXContainerItemProxy */ = {
			isa = PBXContainerItemProxy;
			containerPortal = CEB4D0252AAA027F00E10B95 /* Project object */;
			proxyType = 1;
			remoteGlobalIDString = CE9380782B08F44600765D81;
			remoteInfo = StorageService;
		};
/* End PBXContainerItemProxy section */

/* Begin PBXCopyFilesBuildPhase section */
		CE7739DE2B08E2D500B35041 /* Embed Frameworks */ = {
			isa = PBXCopyFilesBuildPhase;
			buildActionMask = 2147483647;
			dstPath = "";
			dstSubfolderSpec = 10;
			files = (
				CE9380802B08F44600765D81 /* StorageService.framework in Embed Frameworks */,
			);
			name = "Embed Frameworks";
			runOnlyForDeploymentPostprocessing = 0;
		};
/* End PBXCopyFilesBuildPhase section */

/* Begin PBXFileReference section */
		CE108BD52AB33A28003BF3C0 /* ProfileHeaderView.swift */ = {isa = PBXFileReference; lastKnownFileType = sourcecode.swift; path = ProfileHeaderView.swift; sourceTree = "<group>"; };
		CE46BC232B4EB45700BBDDD0 /* CustomButton.swift */ = {isa = PBXFileReference; lastKnownFileType = sourcecode.swift; path = CustomButton.swift; sourceTree = "<group>"; };
		CE46BC252B4F26A100BBDDD0 /* FeedViewModel.swift */ = {isa = PBXFileReference; lastKnownFileType = sourcecode.swift; path = FeedViewModel.swift; sourceTree = "<group>"; };
		CE46BC312B5188CE00BBDDD0 /* SecretWord.swift */ = {isa = PBXFileReference; lastKnownFileType = sourcecode.swift; path = SecretWord.swift; sourceTree = "<group>"; };
		CE498A952B77978A00F2D356 /* Coordinator.swift */ = {isa = PBXFileReference; lastKnownFileType = sourcecode.swift; path = Coordinator.swift; sourceTree = "<group>"; };
		CE498A972B7797B500F2D356 /* FeedCoordinator.swift */ = {isa = PBXFileReference; lastKnownFileType = sourcecode.swift; path = FeedCoordinator.swift; sourceTree = "<group>"; };
		CE498A992B7797ED00F2D356 /* MainCoordinator.swift */ = {isa = PBXFileReference; lastKnownFileType = sourcecode.swift; path = MainCoordinator.swift; sourceTree = "<group>"; };
		CE498A9B2B77982000F2D356 /* ProfileCoordinator.swift */ = {isa = PBXFileReference; lastKnownFileType = sourcecode.swift; path = ProfileCoordinator.swift; sourceTree = "<group>"; };
		CE498A9D2B779F8200F2D356 /* Factory.swift */ = {isa = PBXFileReference; lastKnownFileType = sourcecode.swift; path = Factory.swift; sourceTree = "<group>"; };
		CE498A9F2B77A00200F2D356 /* Checker.swift */ = {isa = PBXFileReference; lastKnownFileType = sourcecode.swift; path = Checker.swift; sourceTree = "<group>"; };
		CE498AA12B77A03100F2D356 /* LoginInspector.swift */ = {isa = PBXFileReference; lastKnownFileType = sourcecode.swift; path = LoginInspector.swift; sourceTree = "<group>"; };
		CE498AA32B77A25200F2D356 /* PostViewController.swift */ = {isa = PBXFileReference; lastKnownFileType = sourcecode.swift; path = PostViewController.swift; sourceTree = "<group>"; };
		CE905E422B1528FF000D4894 /* CurrentUserService.swift */ = {isa = PBXFileReference; lastKnownFileType = sourcecode.swift; path = CurrentUserService.swift; sourceTree = "<group>"; };
		CE905E442B15341B000D4894 /* TestUserService.swift */ = {isa = PBXFileReference; lastKnownFileType = sourcecode.swift; path = TestUserService.swift; sourceTree = "<group>"; };
		CE9380792B08F44600765D81 /* StorageService.framework */ = {isa = PBXFileReference; explicitFileType = wrapper.framework; includeInIndex = 0; path = StorageService.framework; sourceTree = BUILT_PRODUCTS_DIR; };
		CE93807B2B08F44600765D81 /* StorageService.h */ = {isa = PBXFileReference; lastKnownFileType = sourcecode.c.h; path = StorageService.h; sourceTree = "<group>"; };
		CE9380842B08F46A00765D81 /* Post.swift */ = {isa = PBXFileReference; lastKnownFileType = sourcecode.swift; path = Post.swift; sourceTree = "<group>"; };
		CEB1B27A2AD191C8007F4521 /* LogInViewController.swift */ = {isa = PBXFileReference; lastKnownFileType = sourcecode.swift; path = LogInViewController.swift; sourceTree = "<group>"; };
		CEB1B27C2AD1924A007F4521 /* PostTableViewCell.swift */ = {isa = PBXFileReference; lastKnownFileType = sourcecode.swift; path = PostTableViewCell.swift; sourceTree = "<group>"; };
		CEB1B27E2AD193F6007F4521 /* ExtensionUIView.swift.swift */ = {isa = PBXFileReference; lastKnownFileType = sourcecode.swift; path = ExtensionUIView.swift.swift; sourceTree = "<group>"; };
		CEB1B2802AD1943A007F4521 /* ExtentionUIImage.swift.swift */ = {isa = PBXFileReference; lastKnownFileType = sourcecode.swift; path = ExtentionUIImage.swift.swift; sourceTree = "<group>"; };
		CEB1B2822AE41F0D007F4521 /* PhotosTableViewCell.swift */ = {isa = PBXFileReference; lastKnownFileType = sourcecode.swift; path = PhotosTableViewCell.swift; sourceTree = "<group>"; };
		CEB1B2842AE41F82007F4521 /* PhotosViewController.swift */ = {isa = PBXFileReference; lastKnownFileType = sourcecode.swift; path = PhotosViewController.swift; sourceTree = "<group>"; };
		CEB1B2862AE41FBC007F4521 /* PhotosCollectionViewCell.swift */ = {isa = PBXFileReference; lastKnownFileType = sourcecode.swift; path = PhotosCollectionViewCell.swift; sourceTree = "<group>"; };
		CEB1B2882AE42012007F4521 /* Photos.swift */ = {isa = PBXFileReference; lastKnownFileType = sourcecode.swift; path = Photos.swift; sourceTree = "<group>"; };
		CEB4AA262AAB728E00FEBA24 /* InfoViewController.swift */ = {isa = PBXFileReference; lastKnownFileType = sourcecode.swift; path = InfoViewController.swift; sourceTree = "<group>"; };
		CEB4D02D2AAA027F00E10B95 /* Navigation.app */ = {isa = PBXFileReference; explicitFileType = wrapper.application; includeInIndex = 0; path = Navigation.app; sourceTree = BUILT_PRODUCTS_DIR; };
		CEB4D0302AAA027F00E10B95 /* AppDelegate.swift */ = {isa = PBXFileReference; lastKnownFileType = sourcecode.swift; path = AppDelegate.swift; sourceTree = "<group>"; };
		CEB4D0322AAA027F00E10B95 /* SceneDelegate.swift */ = {isa = PBXFileReference; lastKnownFileType = sourcecode.swift; path = SceneDelegate.swift; sourceTree = "<group>"; };
		CEB4D0392AAA028100E10B95 /* Assets.xcassets */ = {isa = PBXFileReference; lastKnownFileType = folder.assetcatalog; path = Assets.xcassets; sourceTree = "<group>"; };
		CEB4D03C2AAA028100E10B95 /* Base */ = {isa = PBXFileReference; lastKnownFileType = file.storyboard; name = Base; path = Base.lproj/LaunchScreen.storyboard; sourceTree = "<group>"; };
		CEB4D03E2AAA028100E10B95 /* Info.plist */ = {isa = PBXFileReference; lastKnownFileType = text.plist.xml; path = Info.plist; sourceTree = "<group>"; };
		CEB7A5A42B13987700031ED1 /* User.swift */ = {isa = PBXFileReference; lastKnownFileType = sourcecode.swift; path = User.swift; sourceTree = "<group>"; };
		CECD35AB2AAA2CD900AB00B6 /* FeedViewController.swift */ = {isa = PBXFileReference; lastKnownFileType = sourcecode.swift; path = FeedViewController.swift; sourceTree = "<group>"; };
		CECD35AD2AAA2D1F00AB00B6 /* ProfileViewController.swift */ = {isa = PBXFileReference; lastKnownFileType = sourcecode.swift; path = ProfileViewController.swift; sourceTree = "<group>"; };
/* End PBXFileReference section */

/* Begin PBXFrameworksBuildPhase section */
		CE9380762B08F44600765D81 /* Frameworks */ = {
			isa = PBXFrameworksBuildPhase;
			buildActionMask = 2147483647;
			files = (
			);
			runOnlyForDeploymentPostprocessing = 0;
		};
		CEB4D02A2AAA027F00E10B95 /* Frameworks */ = {
			isa = PBXFrameworksBuildPhase;
			buildActionMask = 2147483647;
			files = (
				CE93807F2B08F44600765D81 /* StorageService.framework in Frameworks */,
				CE9EBBAC2B34689A0059BEA4 /* iOSIntPackage in Frameworks */,
			);
			runOnlyForDeploymentPostprocessing = 0;
		};
/* End PBXFrameworksBuildPhase section */

/* Begin PBXGroup section */
		CE108BD42AB339E8003BF3C0 /* Profile */ = {
			isa = PBXGroup;
			children = (
				CECD35AD2AAA2D1F00AB00B6 /* ProfileViewController.swift */,
				CE108BD52AB33A28003BF3C0 /* ProfileHeaderView.swift */,
				CEB7A5A62B139B2A00031ED1 /* User */,
				CEB1B28B2AE56F0B007F4521 /* Post */,
				CEB1B28A2AE56EC8007F4521 /* Photos */,
				CEB1B28C2AE56F31007F4521 /* Extention */,
			);
			path = Profile;
			sourceTree = "<group>";
		};
		CE108BD92AB33E09003BF3C0 /* Feed */ = {
			isa = PBXGroup;
			children = (
				CECD35AB2AAA2CD900AB00B6 /* FeedViewController.swift */,
				CE46BC252B4F26A100BBDDD0 /* FeedViewModel.swift */,
				CE46BC312B5188CE00BBDDD0 /* SecretWord.swift */,
				CEB4AA262AAB728E00FEBA24 /* InfoViewController.swift */,
			);
			path = Feed;
			sourceTree = "<group>";
		};
		CE46BC2B2B51840B00BBDDD0 /* LoginAndPassword */ = {
			isa = PBXGroup;
			children = (
				CEB1B27A2AD191C8007F4521 /* LogInViewController.swift */,
				CE498A9F2B77A00200F2D356 /* Checker.swift */,
				CE498AA12B77A03100F2D356 /* LoginInspector.swift */,
			);
			path = LoginAndPassword;
			sourceTree = "<group>";
		};
		CE46BC302B51877400BBDDD0 /* Custom */ = {
			isa = PBXGroup;
			children = (
				CE46BC232B4EB45700BBDDD0 /* CustomButton.swift */,
			);
			path = Custom;
			sourceTree = "<group>";
		};
		CE498A942B77973F00F2D356 /* Coordinators */ = {
			isa = PBXGroup;
			children = (
				CE498A952B77978A00F2D356 /* Coordinator.swift */,
				CE498A9B2B77982000F2D356 /* ProfileCoordinator.swift */,
				CE498A992B7797ED00F2D356 /* MainCoordinator.swift */,
				CE498A972B7797B500F2D356 /* FeedCoordinator.swift */,
			);
			path = Coordinators;
			sourceTree = "<group>";
		};
		CE93807A2B08F44600765D81 /* StorageService */ = {
			isa = PBXGroup;
			children = (
				CE93807B2B08F44600765D81 /* StorageService.h */,
				CE9380842B08F46A00765D81 /* Post.swift */,
			);
			path = StorageService;
			sourceTree = "<group>";
		};
		CEB1B28A2AE56EC8007F4521 /* Photos */ = {
			isa = PBXGroup;
			children = (
				CEB1B2882AE42012007F4521 /* Photos.swift */,
				CEB1B2862AE41FBC007F4521 /* PhotosCollectionViewCell.swift */,
				CEB1B2842AE41F82007F4521 /* PhotosViewController.swift */,
				CEB1B2822AE41F0D007F4521 /* PhotosTableViewCell.swift */,
			);
			path = Photos;
			sourceTree = "<group>";
		};
		CEB1B28B2AE56F0B007F4521 /* Post */ = {
			isa = PBXGroup;
			children = (
				CEB1B27C2AD1924A007F4521 /* PostTableViewCell.swift */,
				CE498AA32B77A25200F2D356 /* PostViewController.swift */,
			);
			path = Post;
			sourceTree = "<group>";
		};
		CEB1B28C2AE56F31007F4521 /* Extention */ = {
			isa = PBXGroup;
			children = (
				CEB1B27E2AD193F6007F4521 /* ExtensionUIView.swift.swift */,
				CEB1B2802AD1943A007F4521 /* ExtentionUIImage.swift.swift */,
			);
			path = Extention;
			sourceTree = "<group>";
		};
		CEB4D0242AAA027F00E10B95 = {
			isa = PBXGroup;
			children = (
				CEB4D02F2AAA027F00E10B95 /* Navigation */,
				CE93807A2B08F44600765D81 /* StorageService */,
				CEB4D02E2AAA027F00E10B95 /* Products */,
			);
			sourceTree = "<group>";
		};
		CEB4D02E2AAA027F00E10B95 /* Products */ = {
			isa = PBXGroup;
			children = (
				CEB4D02D2AAA027F00E10B95 /* Navigation.app */,
				CE9380792B08F44600765D81 /* StorageService.framework */,
			);
			name = Products;
			sourceTree = "<group>";
		};
		CEB4D02F2AAA027F00E10B95 /* Navigation */ = {
			isa = PBXGroup;
			children = (
				CE498A942B77973F00F2D356 /* Coordinators */,
				CE46BC302B51877400BBDDD0 /* Custom */,
				CE46BC2B2B51840B00BBDDD0 /* LoginAndPassword */,
				CE108BD92AB33E09003BF3C0 /* Feed */,
				CEB4D0302AAA027F00E10B95 /* AppDelegate.swift */,
				CEB4D0322AAA027F00E10B95 /* SceneDelegate.swift */,
				CE498A9D2B779F8200F2D356 /* Factory.swift */,
				CEB4D0392AAA028100E10B95 /* Assets.xcassets */,
				CEB4D03B2AAA028100E10B95 /* LaunchScreen.storyboard */,
				CEB4D03E2AAA028100E10B95 /* Info.plist */,
				CE108BD42AB339E8003BF3C0 /* Profile */,
			);
			path = Navigation;
			sourceTree = "<group>";
		};
		CEB7A5A62B139B2A00031ED1 /* User */ = {
			isa = PBXGroup;
			children = (
				CEB7A5A42B13987700031ED1 /* User.swift */,
				CE905E422B1528FF000D4894 /* CurrentUserService.swift */,
				CE905E442B15341B000D4894 /* TestUserService.swift */,
			);
			path = User;
			sourceTree = "<group>";
		};
/* End PBXGroup section */

/* Begin PBXHeadersBuildPhase section */
		CE9380742B08F44600765D81 /* Headers */ = {
			isa = PBXHeadersBuildPhase;
			buildActionMask = 2147483647;
			files = (
				CE93807C2B08F44600765D81 /* StorageService.h in Headers */,
			);
			runOnlyForDeploymentPostprocessing = 0;
		};
/* End PBXHeadersBuildPhase section */

/* Begin PBXNativeTarget section */
		CE9380782B08F44600765D81 /* StorageService */ = {
			isa = PBXNativeTarget;
			buildConfigurationList = CE9380812B08F44600765D81 /* Build configuration list for PBXNativeTarget "StorageService" */;
			buildPhases = (
				CE9380742B08F44600765D81 /* Headers */,
				CE9380752B08F44600765D81 /* Sources */,
				CE9380762B08F44600765D81 /* Frameworks */,
				CE9380772B08F44600765D81 /* Resources */,
			);
			buildRules = (
			);
			dependencies = (
			);
			name = StorageService;
			productName = StorageService;
			productReference = CE9380792B08F44600765D81 /* StorageService.framework */;
			productType = "com.apple.product-type.framework";
		};
		CEB4D02C2AAA027F00E10B95 /* Navigation */ = {
			isa = PBXNativeTarget;
			buildConfigurationList = CEB4D0412AAA028100E10B95 /* Build configuration list for PBXNativeTarget "Navigation" */;
			buildPhases = (
				CEB4D0292AAA027F00E10B95 /* Sources */,
				CEB4D02A2AAA027F00E10B95 /* Frameworks */,
				CEB4D02B2AAA027F00E10B95 /* Resources */,
				CE7739DE2B08E2D500B35041 /* Embed Frameworks */,
			);
			buildRules = (
			);
			dependencies = (
				CE93807E2B08F44600765D81 /* PBXTargetDependency */,
			);
			name = Navigation;
			packageProductDependencies = (
				CE9EBBAB2B34689A0059BEA4 /* iOSIntPackage */,
			);
			productName = Navigation;
			productReference = CEB4D02D2AAA027F00E10B95 /* Navigation.app */;
			productType = "com.apple.product-type.application";
		};
/* End PBXNativeTarget section */

/* Begin PBXProject section */
		CEB4D0252AAA027F00E10B95 /* Project object */ = {
			isa = PBXProject;
			attributes = {
				BuildIndependentTargetsInParallel = 1;
				LastSwiftUpdateCheck = 1400;
				LastUpgradeCheck = 1400;
				TargetAttributes = {
					CE9380782B08F44600765D81 = {
						CreatedOnToolsVersion = 14.0.1;
						LastSwiftMigration = 1400;
					};
					CEB4D02C2AAA027F00E10B95 = {
						CreatedOnToolsVersion = 14.0.1;
					};
				};
			};
			buildConfigurationList = CEB4D0282AAA027F00E10B95 /* Build configuration list for PBXProject "Navigation" */;
			compatibilityVersion = "Xcode 14.0";
			developmentRegion = en;
			hasScannedForEncodings = 0;
			knownRegions = (
				en,
				Base,
			);
			mainGroup = CEB4D0242AAA027F00E10B95;
			packageReferences = (
				CE9EBBAA2B34689A0059BEA4 /* XCRemoteSwiftPackageReference "iOSIntPackage" */,
			);
			productRefGroup = CEB4D02E2AAA027F00E10B95 /* Products */;
			projectDirPath = "";
			projectRoot = "";
			targets = (
				CEB4D02C2AAA027F00E10B95 /* Navigation */,
				CE9380782B08F44600765D81 /* StorageService */,
			);
		};
/* End PBXProject section */

/* Begin PBXResourcesBuildPhase section */
		CE9380772B08F44600765D81 /* Resources */ = {
			isa = PBXResourcesBuildPhase;
			buildActionMask = 2147483647;
			files = (
			);
			runOnlyForDeploymentPostprocessing = 0;
		};
		CEB4D02B2AAA027F00E10B95 /* Resources */ = {
			isa = PBXResourcesBuildPhase;
			buildActionMask = 2147483647;
			files = (
				CEB4D03D2AAA028100E10B95 /* LaunchScreen.storyboard in Resources */,
				CEB4D03A2AAA028100E10B95 /* Assets.xcassets in Resources */,
			);
			runOnlyForDeploymentPostprocessing = 0;
		};
/* End PBXResourcesBuildPhase section */

/* Begin PBXSourcesBuildPhase section */
		CE9380752B08F44600765D81 /* Sources */ = {
			isa = PBXSourcesBuildPhase;
			buildActionMask = 2147483647;
			files = (
				CE9380852B08F46A00765D81 /* Post.swift in Sources */,
			);
			runOnlyForDeploymentPostprocessing = 0;
		};
		CEB4D0292AAA027F00E10B95 /* Sources */ = {
			isa = PBXSourcesBuildPhase;
			buildActionMask = 2147483647;
			files = (
				CE498A982B7797B500F2D356 /* FeedCoordinator.swift in Sources */,
				CEB4D0312AAA027F00E10B95 /* AppDelegate.swift in Sources */,
				CEB1B27B2AD191C8007F4521 /* LogInViewController.swift in Sources */,
				CECD35AE2AAA2D1F00AB00B6 /* ProfileViewController.swift in Sources */,
				CEB7A5A52B13987700031ED1 /* User.swift in Sources */,
				CEB1B2892AE42012007F4521 /* Photos.swift in Sources */,
				CE498A962B77978A00F2D356 /* Coordinator.swift in Sources */,
				CE108BD62AB33A28003BF3C0 /* ProfileHeaderView.swift in Sources */,
				CECD35AC2AAA2CD900AB00B6 /* FeedViewController.swift in Sources */,
				CE905E452B15341B000D4894 /* TestUserService.swift in Sources */,
				CE46BC322B5188CF00BBDDD0 /* SecretWord.swift in Sources */,
				CE46BC242B4EB45700BBDDD0 /* CustomButton.swift in Sources */,
				CEB1B27D2AD1924A007F4521 /* PostTableViewCell.swift in Sources */,
				CE498A9C2B77982000F2D356 /* ProfileCoordinator.swift in Sources */,
				CE905E432B1528FF000D4894 /* CurrentUserService.swift in Sources */,
				CEB1B27F2AD193F6007F4521 /* ExtensionUIView.swift.swift in Sources */,
				CEB1B2832AE41F0D007F4521 /* PhotosTableViewCell.swift in Sources */,
				CE498A9E2B779F8200F2D356 /* Factory.swift in Sources */,
				CEB1B2812AD1943A007F4521 /* ExtentionUIImage.swift.swift in Sources */,
				CEB1B2872AE41FBC007F4521 /* PhotosCollectionViewCell.swift in Sources */,
				CE498AA02B77A00200F2D356 /* Checker.swift in Sources */,
				CEB1B2852AE41F82007F4521 /* PhotosViewController.swift in Sources */,
				CE498AA42B77A25200F2D356 /* PostViewController.swift in Sources */,
				CEB4AA272AAB728E00FEBA24 /* InfoViewController.swift in Sources */,
				CE498A9A2B7797ED00F2D356 /* MainCoordinator.swift in Sources */,
				CE498AA22B77A03100F2D356 /* LoginInspector.swift in Sources */,
				CEB4D0332AAA027F00E10B95 /* SceneDelegate.swift in Sources */,
				CE46BC262B4F26A100BBDDD0 /* FeedViewModel.swift in Sources */,
			);
			runOnlyForDeploymentPostprocessing = 0;
		};
/* End PBXSourcesBuildPhase section */

/* Begin PBXTargetDependency section */
		CE93807E2B08F44600765D81 /* PBXTargetDependency */ = {
			isa = PBXTargetDependency;
			target = CE9380782B08F44600765D81 /* StorageService */;
			targetProxy = CE93807D2B08F44600765D81 /* PBXContainerItemProxy */;
		};
/* End PBXTargetDependency section */

/* Begin PBXVariantGroup section */
		CEB4D03B2AAA028100E10B95 /* LaunchScreen.storyboard */ = {
			isa = PBXVariantGroup;
			children = (
				CEB4D03C2AAA028100E10B95 /* Base */,
			);
			name = LaunchScreen.storyboard;
			sourceTree = "<group>";
		};
/* End PBXVariantGroup section */

/* Begin XCBuildConfiguration section */
		CE9380822B08F44600765D81 /* Debug */ = {
			isa = XCBuildConfiguration;
			buildSettings = {
				CLANG_ENABLE_MODULES = YES;
				CODE_SIGN_STYLE = Automatic;
				CURRENT_PROJECT_VERSION = 1;
				DEFINES_MODULE = YES;
				DYLIB_COMPATIBILITY_VERSION = 1;
				DYLIB_CURRENT_VERSION = 1;
				DYLIB_INSTALL_NAME_BASE = "@rpath";
				GENERATE_INFOPLIST_FILE = YES;
				INFOPLIST_KEY_NSHumanReadableCopyright = "";
				INSTALL_PATH = "$(LOCAL_LIBRARY_DIR)/Frameworks";
				LD_RUNPATH_SEARCH_PATHS = (
					"$(inherited)",
					"@executable_path/Frameworks",
					"@loader_path/Frameworks",
				);
				MARKETING_VERSION = 1.0;
				PRODUCT_BUNDLE_IDENTIFIER = "com.Netology-IB-Instruments.StorageService";
				PRODUCT_NAME = "$(TARGET_NAME:c99extidentifier)";
				SKIP_INSTALL = YES;
				SWIFT_EMIT_LOC_STRINGS = YES;
				SWIFT_OPTIMIZATION_LEVEL = "-Onone";
				SWIFT_VERSION = 5.0;
				TARGETED_DEVICE_FAMILY = "1,2";
				VERSIONING_SYSTEM = "apple-generic";
				VERSION_INFO_PREFIX = "";
			};
			name = Debug;
		};
		CE9380832B08F44600765D81 /* Release */ = {
			isa = XCBuildConfiguration;
			buildSettings = {
				CLANG_ENABLE_MODULES = YES;
				CODE_SIGN_STYLE = Automatic;
				CURRENT_PROJECT_VERSION = 1;
				DEFINES_MODULE = YES;
				DYLIB_COMPATIBILITY_VERSION = 1;
				DYLIB_CURRENT_VERSION = 1;
				DYLIB_INSTALL_NAME_BASE = "@rpath";
				GENERATE_INFOPLIST_FILE = YES;
				INFOPLIST_KEY_NSHumanReadableCopyright = "";
				INSTALL_PATH = "$(LOCAL_LIBRARY_DIR)/Frameworks";
				LD_RUNPATH_SEARCH_PATHS = (
					"$(inherited)",
					"@executable_path/Frameworks",
					"@loader_path/Frameworks",
				);
				MARKETING_VERSION = 1.0;
				PRODUCT_BUNDLE_IDENTIFIER = "com.Netology-IB-Instruments.StorageService";
				PRODUCT_NAME = "$(TARGET_NAME:c99extidentifier)";
				SKIP_INSTALL = YES;
				SWIFT_EMIT_LOC_STRINGS = YES;
				SWIFT_VERSION = 5.0;
				TARGETED_DEVICE_FAMILY = "1,2";
				VERSIONING_SYSTEM = "apple-generic";
				VERSION_INFO_PREFIX = "";
			};
			name = Release;
		};
		CEB4D03F2AAA028100E10B95 /* Debug */ = {
			isa = XCBuildConfiguration;
			buildSettings = {
				ALWAYS_SEARCH_USER_PATHS = NO;
				CLANG_ANALYZER_NONNULL = YES;
				CLANG_ANALYZER_NUMBER_OBJECT_CONVERSION = YES_AGGRESSIVE;
				CLANG_CXX_LANGUAGE_STANDARD = "gnu++20";
				CLANG_ENABLE_MODULES = YES;
				CLANG_ENABLE_OBJC_ARC = YES;
				CLANG_ENABLE_OBJC_WEAK = YES;
				CLANG_WARN_BLOCK_CAPTURE_AUTORELEASING = YES;
				CLANG_WARN_BOOL_CONVERSION = YES;
				CLANG_WARN_COMMA = YES;
				CLANG_WARN_CONSTANT_CONVERSION = YES;
				CLANG_WARN_DEPRECATED_OBJC_IMPLEMENTATIONS = YES;
				CLANG_WARN_DIRECT_OBJC_ISA_USAGE = YES_ERROR;
				CLANG_WARN_DOCUMENTATION_COMMENTS = YES;
				CLANG_WARN_EMPTY_BODY = YES;
				CLANG_WARN_ENUM_CONVERSION = YES;
				CLANG_WARN_INFINITE_RECURSION = YES;
				CLANG_WARN_INT_CONVERSION = YES;
				CLANG_WARN_NON_LITERAL_NULL_CONVERSION = YES;
				CLANG_WARN_OBJC_IMPLICIT_RETAIN_SELF = YES;
				CLANG_WARN_OBJC_LITERAL_CONVERSION = YES;
				CLANG_WARN_OBJC_ROOT_CLASS = YES_ERROR;
				CLANG_WARN_QUOTED_INCLUDE_IN_FRAMEWORK_HEADER = YES;
				CLANG_WARN_RANGE_LOOP_ANALYSIS = YES;
				CLANG_WARN_STRICT_PROTOTYPES = YES;
				CLANG_WARN_SUSPICIOUS_MOVE = YES;
				CLANG_WARN_UNGUARDED_AVAILABILITY = YES_AGGRESSIVE;
				CLANG_WARN_UNREACHABLE_CODE = YES;
				CLANG_WARN__DUPLICATE_METHOD_MATCH = YES;
				COPY_PHASE_STRIP = NO;
				DEBUG_INFORMATION_FORMAT = dwarf;
				ENABLE_STRICT_OBJC_MSGSEND = YES;
				ENABLE_TESTABILITY = YES;
				GCC_C_LANGUAGE_STANDARD = gnu11;
				GCC_DYNAMIC_NO_PIC = NO;
				GCC_NO_COMMON_BLOCKS = YES;
				GCC_OPTIMIZATION_LEVEL = 0;
				GCC_PREPROCESSOR_DEFINITIONS = (
					"DEBUG=1",
					"$(inherited)",
				);
				GCC_WARN_64_TO_32_BIT_CONVERSION = YES;
				GCC_WARN_ABOUT_RETURN_TYPE = YES_ERROR;
				GCC_WARN_UNDECLARED_SELECTOR = YES;
				GCC_WARN_UNINITIALIZED_AUTOS = YES_AGGRESSIVE;
				GCC_WARN_UNUSED_FUNCTION = YES;
				GCC_WARN_UNUSED_VARIABLE = YES;
				IPHONEOS_DEPLOYMENT_TARGET = 16.0;
				MTL_ENABLE_DEBUG_INFO = INCLUDE_SOURCE;
				MTL_FAST_MATH = YES;
				ONLY_ACTIVE_ARCH = YES;
				SDKROOT = iphoneos;
				SWIFT_ACTIVE_COMPILATION_CONDITIONS = DEBUG;
				SWIFT_OPTIMIZATION_LEVEL = "-Onone";
			};
			name = Debug;
		};
		CEB4D0402AAA028100E10B95 /* Release */ = {
			isa = XCBuildConfiguration;
			buildSettings = {
				ALWAYS_SEARCH_USER_PATHS = NO;
				CLANG_ANALYZER_NONNULL = YES;
				CLANG_ANALYZER_NUMBER_OBJECT_CONVERSION = YES_AGGRESSIVE;
				CLANG_CXX_LANGUAGE_STANDARD = "gnu++20";
				CLANG_ENABLE_MODULES = YES;
				CLANG_ENABLE_OBJC_ARC = YES;
				CLANG_ENABLE_OBJC_WEAK = YES;
				CLANG_WARN_BLOCK_CAPTURE_AUTORELEASING = YES;
				CLANG_WARN_BOOL_CONVERSION = YES;
				CLANG_WARN_COMMA = YES;
				CLANG_WARN_CONSTANT_CONVERSION = YES;
				CLANG_WARN_DEPRECATED_OBJC_IMPLEMENTATIONS = YES;
				CLANG_WARN_DIRECT_OBJC_ISA_USAGE = YES_ERROR;
				CLANG_WARN_DOCUMENTATION_COMMENTS = YES;
				CLANG_WARN_EMPTY_BODY = YES;
				CLANG_WARN_ENUM_CONVERSION = YES;
				CLANG_WARN_INFINITE_RECURSION = YES;
				CLANG_WARN_INT_CONVERSION = YES;
				CLANG_WARN_NON_LITERAL_NULL_CONVERSION = YES;
				CLANG_WARN_OBJC_IMPLICIT_RETAIN_SELF = YES;
				CLANG_WARN_OBJC_LITERAL_CONVERSION = YES;
				CLANG_WARN_OBJC_ROOT_CLASS = YES_ERROR;
				CLANG_WARN_QUOTED_INCLUDE_IN_FRAMEWORK_HEADER = YES;
				CLANG_WARN_RANGE_LOOP_ANALYSIS = YES;
				CLANG_WARN_STRICT_PROTOTYPES = YES;
				CLANG_WARN_SUSPICIOUS_MOVE = YES;
				CLANG_WARN_UNGUARDED_AVAILABILITY = YES_AGGRESSIVE;
				CLANG_WARN_UNREACHABLE_CODE = YES;
				CLANG_WARN__DUPLICATE_METHOD_MATCH = YES;
				COPY_PHASE_STRIP = NO;
				DEBUG_INFORMATION_FORMAT = "dwarf-with-dsym";
				ENABLE_NS_ASSERTIONS = NO;
				ENABLE_STRICT_OBJC_MSGSEND = YES;
				GCC_C_LANGUAGE_STANDARD = gnu11;
				GCC_NO_COMMON_BLOCKS = YES;
				GCC_WARN_64_TO_32_BIT_CONVERSION = YES;
				GCC_WARN_ABOUT_RETURN_TYPE = YES_ERROR;
				GCC_WARN_UNDECLARED_SELECTOR = YES;
				GCC_WARN_UNINITIALIZED_AUTOS = YES_AGGRESSIVE;
				GCC_WARN_UNUSED_FUNCTION = YES;
				GCC_WARN_UNUSED_VARIABLE = YES;
				IPHONEOS_DEPLOYMENT_TARGET = 16.0;
				MTL_ENABLE_DEBUG_INFO = NO;
				MTL_FAST_MATH = YES;
				SDKROOT = iphoneos;
				SWIFT_COMPILATION_MODE = wholemodule;
				SWIFT_OPTIMIZATION_LEVEL = "-O";
				VALIDATE_PRODUCT = YES;
			};
			name = Release;
		};
		CEB4D0422AAA028100E10B95 /* Debug */ = {
			isa = XCBuildConfiguration;
			buildSettings = {
				ALWAYS_EMBED_SWIFT_STANDARD_LIBRARIES = YES;
				ASSETCATALOG_COMPILER_APPICON_NAME = AppIcon;
				ASSETCATALOG_COMPILER_GLOBAL_ACCENT_COLOR_NAME = AccentColor;
				CODE_SIGN_STYLE = Automatic;
				CURRENT_PROJECT_VERSION = 1;
				GENERATE_INFOPLIST_FILE = YES;
				INFOPLIST_FILE = Navigation/Info.plist;
				INFOPLIST_KEY_UIApplicationSupportsIndirectInputEvents = YES;
				INFOPLIST_KEY_UILaunchStoryboardName = LaunchScreen;
				INFOPLIST_KEY_UIStatusBarStyle = "";
				LD_RUNPATH_SEARCH_PATHS = (
					"$(inherited)",
					"@executable_path/Frameworks",
				);
				MARKETING_VERSION = 1.0;
				PRODUCT_BUNDLE_IDENTIFIER = "com.Netology-IB-Instruments.Navigation";
				PRODUCT_NAME = "$(TARGET_NAME)";
				SUPPORTED_PLATFORMS = "iphoneos iphonesimulator";
				SUPPORTS_MACCATALYST = NO;
				SUPPORTS_MAC_DESIGNED_FOR_IPHONE_IPAD = NO;
				SWIFT_EMIT_LOC_STRINGS = YES;
				SWIFT_VERSION = 5.0;
				TARGETED_DEVICE_FAMILY = 1;
			};
			name = Debug;
		};
		CEB4D0432AAA028100E10B95 /* Release */ = {
			isa = XCBuildConfiguration;
			buildSettings = {
				ALWAYS_EMBED_SWIFT_STANDARD_LIBRARIES = YES;
				ASSETCATALOG_COMPILER_APPICON_NAME = AppIcon;
				ASSETCATALOG_COMPILER_GLOBAL_ACCENT_COLOR_NAME = AccentColor;
				CODE_SIGN_STYLE = Automatic;
				CURRENT_PROJECT_VERSION = 1;
				GENERATE_INFOPLIST_FILE = YES;
				INFOPLIST_FILE = Navigation/Info.plist;
				INFOPLIST_KEY_UIApplicationSupportsIndirectInputEvents = YES;
				INFOPLIST_KEY_UILaunchStoryboardName = LaunchScreen;
				INFOPLIST_KEY_UIStatusBarStyle = "";
				LD_RUNPATH_SEARCH_PATHS = (
					"$(inherited)",
					"@executable_path/Frameworks",
				);
				MARKETING_VERSION = 1.0;
				PRODUCT_BUNDLE_IDENTIFIER = "com.Netology-IB-Instruments.Navigation";
				PRODUCT_NAME = "$(TARGET_NAME)";
				SUPPORTED_PLATFORMS = "iphoneos iphonesimulator";
				SUPPORTS_MACCATALYST = NO;
				SUPPORTS_MAC_DESIGNED_FOR_IPHONE_IPAD = NO;
				SWIFT_EMIT_LOC_STRINGS = YES;
				SWIFT_VERSION = 5.0;
				TARGETED_DEVICE_FAMILY = 1;
			};
			name = Release;
		};
/* End XCBuildConfiguration section */

/* Begin XCConfigurationList section */
		CE9380812B08F44600765D81 /* Build configuration list for PBXNativeTarget "StorageService" */ = {
			isa = XCConfigurationList;
			buildConfigurations = (
				CE9380822B08F44600765D81 /* Debug */,
				CE9380832B08F44600765D81 /* Release */,
			);
			defaultConfigurationIsVisible = 0;
			defaultConfigurationName = Release;
		};
		CEB4D0282AAA027F00E10B95 /* Build configuration list for PBXProject "Navigation" */ = {
			isa = XCConfigurationList;
			buildConfigurations = (
				CEB4D03F2AAA028100E10B95 /* Debug */,
				CEB4D0402AAA028100E10B95 /* Release */,
			);
			defaultConfigurationIsVisible = 0;
			defaultConfigurationName = Release;
		};
		CEB4D0412AAA028100E10B95 /* Build configuration list for PBXNativeTarget "Navigation" */ = {
			isa = XCConfigurationList;
			buildConfigurations = (
				CEB4D0422AAA028100E10B95 /* Debug */,
				CEB4D0432AAA028100E10B95 /* Release */,
			);
			defaultConfigurationIsVisible = 0;
			defaultConfigurationName = Release;
		};
/* End XCConfigurationList section */

/* Begin XCRemoteSwiftPackageReference section */
		CE9EBBAA2B34689A0059BEA4 /* XCRemoteSwiftPackageReference "iOSIntPackage" */ = {
			isa = XCRemoteSwiftPackageReference;
			repositoryURL = "https://github.com/TrueMax/iOSIntPackage";
			requirement = {
				branch = imagepublisher;
				kind = branch;
			};
		};
/* End XCRemoteSwiftPackageReference section */

/* Begin XCSwiftPackageProductDependency section */
		CE9EBBAB2B34689A0059BEA4 /* iOSIntPackage */ = {
			isa = XCSwiftPackageProductDependency;
			package = CE9EBBAA2B34689A0059BEA4 /* XCRemoteSwiftPackageReference "iOSIntPackage" */;
			productName = iOSIntPackage;
		};
/* End XCSwiftPackageProductDependency section */
	};
	rootObject = CEB4D0252AAA027F00E10B95 /* Project object */;
}
