// !$*UTF8*$!
{
	archiveVersion = 1;
	classes = {
	};
	objectVersion = 56;
	objects = {

/* Begin PBXBuildFile section */
		CE108BD62AB33A28003BF3C0 /* ProfileHeaderView.swift in Sources */ = {isa = PBXBuildFile; fileRef = CE108BD52AB33A28003BF3C0 /* ProfileHeaderView.swift */; };
		CE96EB042AB5FCA500B4D144 /* Post.swift in Sources */ = {isa = PBXBuildFile; fileRef = CE96EB032AB5FCA500B4D144 /* Post.swift */; };
		CEB1B27B2AD191C8007F4521 /* LogInViewController.swift in Sources */ = {isa = PBXBuildFile; fileRef = CEB1B27A2AD191C8007F4521 /* LogInViewController.swift */; };
		CEB1B27D2AD1924A007F4521 /* PostTableViewCell.swift in Sources */ = {isa = PBXBuildFile; fileRef = CEB1B27C2AD1924A007F4521 /* PostTableViewCell.swift */; };
		CEB1B27F2AD193F6007F4521 /* ExtensionUIView.swift.swift in Sources */ = {isa = PBXBuildFile; fileRef = CEB1B27E2AD193F6007F4521 /* ExtensionUIView.swift.swift */; };
		CEB1B2812AD1943A007F4521 /* ExtentionUIImage.swift.swift in Sources */ = {isa = PBXBuildFile; fileRef = CEB1B2802AD1943A007F4521 /* ExtentionUIImage.swift.swift */; };
		CEB1B2832AE41F0D007F4521 /* PhotosTableViewCell.swift in Sources */ = {isa = PBXBuildFile; fileRef = CEB1B2822AE41F0D007F4521 /* PhotosTableViewCell.swift */; };
		CEB1B2852AE41F82007F4521 /* PhotosViewController.swift in Sources */ = {isa = PBXBuildFile; fileRef = CEB1B2842AE41F82007F4521 /* PhotosViewController.swift */; };
		CEB1B2872AE41FBC007F4521 /* PhotosCollectionViewCell.swift in Sources */ = {isa = PBXBuildFile; fileRef = CEB1B2862AE41FBC007F4521 /* PhotosCollectionViewCell.swift */; };
		CEB1B2892AE42012007F4521 /* Photos.swift in Sources */ = {isa = PBXBuildFile; fileRef = CEB1B2882AE42012007F4521 /* Photos.swift */; };
		CEB4AA252AAB71E300FEBA24 /* PostViewController.swift in Sources */ = {isa = PBXBuildFile; fileRef = CEB4AA242AAB71E300FEBA24 /* PostViewController.swift */; };
		CEB4AA272AAB728E00FEBA24 /* InfoViewController.swift in Sources */ = {isa = PBXBuildFile; fileRef = CEB4AA262AAB728E00FEBA24 /* InfoViewController.swift */; };
		CEB4D0312AAA027F00E10B95 /* AppDelegate.swift in Sources */ = {isa = PBXBuildFile; fileRef = CEB4D0302AAA027F00E10B95 /* AppDelegate.swift */; };
		CEB4D0332AAA027F00E10B95 /* SceneDelegate.swift in Sources */ = {isa = PBXBuildFile; fileRef = CEB4D0322AAA027F00E10B95 /* SceneDelegate.swift */; };
		CEB4D03A2AAA028100E10B95 /* Assets.xcassets in Resources */ = {isa = PBXBuildFile; fileRef = CEB4D0392AAA028100E10B95 /* Assets.xcassets */; };
		CEB4D03D2AAA028100E10B95 /* LaunchScreen.storyboard in Resources */ = {isa = PBXBuildFile; fileRef = CEB4D03B2AAA028100E10B95 /* LaunchScreen.storyboard */; };
		CECD35AC2AAA2CD900AB00B6 /* FeedViewController.swift in Sources */ = {isa = PBXBuildFile; fileRef = CECD35AB2AAA2CD900AB00B6 /* FeedViewController.swift */; };
		CECD35AE2AAA2D1F00AB00B6 /* ProfileViewController.swift in Sources */ = {isa = PBXBuildFile; fileRef = CECD35AD2AAA2D1F00AB00B6 /* ProfileViewController.swift */; };
/* End PBXBuildFile section */

/* Begin PBXFileReference section */
		CE108BD52AB33A28003BF3C0 /* ProfileHeaderView.swift */ = {isa = PBXFileReference; lastKnownFileType = sourcecode.swift; path = ProfileHeaderView.swift; sourceTree = "<group>"; };
		CE96EB032AB5FCA500B4D144 /* Post.swift */ = {isa = PBXFileReference; lastKnownFileType = sourcecode.swift; path = Post.swift; sourceTree = "<group>"; };
		CEB1B27A2AD191C8007F4521 /* LogInViewController.swift */ = {isa = PBXFileReference; lastKnownFileType = sourcecode.swift; path = LogInViewController.swift; sourceTree = "<group>"; };
		CEB1B27C2AD1924A007F4521 /* PostTableViewCell.swift */ = {isa = PBXFileReference; lastKnownFileType = sourcecode.swift; path = PostTableViewCell.swift; sourceTree = "<group>"; };
		CEB1B27E2AD193F6007F4521 /* ExtensionUIView.swift.swift */ = {isa = PBXFileReference; lastKnownFileType = sourcecode.swift; path = ExtensionUIView.swift.swift; sourceTree = "<group>"; };
		CEB1B2802AD1943A007F4521 /* ExtentionUIImage.swift.swift */ = {isa = PBXFileReference; lastKnownFileType = sourcecode.swift; path = ExtentionUIImage.swift.swift; sourceTree = "<group>"; };
		CEB1B2822AE41F0D007F4521 /* PhotosTableViewCell.swift */ = {isa = PBXFileReference; lastKnownFileType = sourcecode.swift; path = PhotosTableViewCell.swift; sourceTree = "<group>"; };
		CEB1B2842AE41F82007F4521 /* PhotosViewController.swift */ = {isa = PBXFileReference; lastKnownFileType = sourcecode.swift; path = PhotosViewController.swift; sourceTree = "<group>"; };
		CEB1B2862AE41FBC007F4521 /* PhotosCollectionViewCell.swift */ = {isa = PBXFileReference; lastKnownFileType = sourcecode.swift; path = PhotosCollectionViewCell.swift; sourceTree = "<group>"; };
		CEB1B2882AE42012007F4521 /* Photos.swift */ = {isa = PBXFileReference; lastKnownFileType = sourcecode.swift; path = Photos.swift; sourceTree = "<group>"; };
		CEB4AA242AAB71E300FEBA24 /* PostViewController.swift */ = {isa = PBXFileReference; lastKnownFileType = sourcecode.swift; path = PostViewController.swift; sourceTree = "<group>"; };
		CEB4AA262AAB728E00FEBA24 /* InfoViewController.swift */ = {isa = PBXFileReference; lastKnownFileType = sourcecode.swift; path = InfoViewController.swift; sourceTree = "<group>"; };
		CEB4D02D2AAA027F00E10B95 /* Navigation.app */ = {isa = PBXFileReference; explicitFileType = wrapper.application; includeInIndex = 0; path = Navigation.app; sourceTree = BUILT_PRODUCTS_DIR; };
		CEB4D0302AAA027F00E10B95 /* AppDelegate.swift */ = {isa = PBXFileReference; lastKnownFileType = sourcecode.swift; path = AppDelegate.swift; sourceTree = "<group>"; };
		CEB4D0322AAA027F00E10B95 /* SceneDelegate.swift */ = {isa = PBXFileReference; lastKnownFileType = sourcecode.swift; path = SceneDelegate.swift; sourceTree = "<group>"; };
		CEB4D0392AAA028100E10B95 /* Assets.xcassets */ = {isa = PBXFileReference; lastKnownFileType = folder.assetcatalog; path = Assets.xcassets; sourceTree = "<group>"; };
		CEB4D03C2AAA028100E10B95 /* Base */ = {isa = PBXFileReference; lastKnownFileType = file.storyboard; name = Base; path = Base.lproj/LaunchScreen.storyboard; sourceTree = "<group>"; };
		CEB4D03E2AAA028100E10B95 /* Info.plist */ = {isa = PBXFileReference; lastKnownFileType = text.plist.xml; path = Info.plist; sourceTree = "<group>"; };
		CECD35AB2AAA2CD900AB00B6 /* FeedViewController.swift */ = {isa = PBXFileReference; lastKnownFileType = sourcecode.swift; path = FeedViewController.swift; sourceTree = "<group>"; };
		CECD35AD2AAA2D1F00AB00B6 /* ProfileViewController.swift */ = {isa = PBXFileReference; lastKnownFileType = sourcecode.swift; path = ProfileViewController.swift; sourceTree = "<group>"; };
/* End PBXFileReference section */

/* Begin PBXFrameworksBuildPhase section */
		CEB4D02A2AAA027F00E10B95 /* Frameworks */ = {
			isa = PBXFrameworksBuildPhase;
			buildActionMask = 2147483647;
			files = (
			);
			runOnlyForDeploymentPostprocessing = 0;
		};
/* End PBXFrameworksBuildPhase section */

/* Begin PBXGroup section */
		CE108BD42AB339E8003BF3C0 /* Profile */ = {
			isa = PBXGroup;
			children = (
				CECD35AD2AAA2D1F00AB00B6 /* ProfileViewController.swift */,
				CEB1B27A2AD191C8007F4521 /* LogInViewController.swift */,
				CE108BD52AB33A28003BF3C0 /* ProfileHeaderView.swift */,
				CEB1B28B2AE56F0B007F4521 /* Post */,
				CEB1B28A2AE56EC8007F4521 /* Photos */,
				CEB1B28C2AE56F31007F4521 /* Extention */,
			);
			path = Profile;
			sourceTree = "<group>";
		};
		CE108BD92AB33E09003BF3C0 /* Feed */ = {
			isa = PBXGroup;
			children = (
				CECD35AB2AAA2CD900AB00B6 /* FeedViewController.swift */,
				CEB4AA262AAB728E00FEBA24 /* InfoViewController.swift */,
				CEB4AA242AAB71E300FEBA24 /* PostViewController.swift */,
			);
			path = Feed;
			sourceTree = "<group>";
		};
		CEB1B28A2AE56EC8007F4521 /* Photos */ = {
			isa = PBXGroup;
			children = (
				CEB1B2882AE42012007F4521 /* Photos.swift */,
				CEB1B2862AE41FBC007F4521 /* PhotosCollectionViewCell.swift */,
				CEB1B2842AE41F82007F4521 /* PhotosViewController.swift */,
				CEB1B2822AE41F0D007F4521 /* PhotosTableViewCell.swift */,
			);
			path = Photos;
			sourceTree = "<group>";
		};
		CEB1B28B2AE56F0B007F4521 /* Post */ = {
			isa = PBXGroup;
			children = (
				CE96EB032AB5FCA500B4D144 /* Post.swift */,
				CEB1B27C2AD1924A007F4521 /* PostTableViewCell.swift */,
			);
			path = Post;
			sourceTree = "<group>";
		};
		CEB1B28C2AE56F31007F4521 /* Extention */ = {
			isa = PBXGroup;
			children = (
				CEB1B27E2AD193F6007F4521 /* ExtensionUIView.swift.swift */,
				CEB1B2802AD1943A007F4521 /* ExtentionUIImage.swift.swift */,
			);
			path = Extention;
			sourceTree = "<group>";
		};
		CEB4D0242AAA027F00E10B95 = {
			isa = PBXGroup;
			children = (
				CEB4D02F2AAA027F00E10B95 /* Navigation */,
				CEB4D02E2AAA027F00E10B95 /* Products */,
			);
			sourceTree = "<group>";
		};
		CEB4D02E2AAA027F00E10B95 /* Products */ = {
			isa = PBXGroup;
			children = (
				CEB4D02D2AAA027F00E10B95 /* Navigation.app */,
			);
			name = Products;
			sourceTree = "<group>";
		};
		CEB4D02F2AAA027F00E10B95 /* Navigation */ = {
			isa = PBXGroup;
			children = (
				CE108BD92AB33E09003BF3C0 /* Feed */,
				CEB4D0302AAA027F00E10B95 /* AppDelegate.swift */,
				CEB4D0322AAA027F00E10B95 /* SceneDelegate.swift */,
				CEB4D0392AAA028100E10B95 /* Assets.xcassets */,
				CEB4D03B2AAA028100E10B95 /* LaunchScreen.storyboard */,
				CEB4D03E2AAA028100E10B95 /* Info.plist */,
				CE108BD42AB339E8003BF3C0 /* Profile */,
			);
			path = Navigation;
			sourceTree = "<group>";
		};
/* End PBXGroup section */

/* Begin PBXNativeTarget section */
		CEB4D02C2AAA027F00E10B95 /* Navigation */ = {
			isa = PBXNativeTarget;
			buildConfigurationList = CEB4D0412AAA028100E10B95 /* Build configuration list for PBXNativeTarget "Navigation" */;
			buildPhases = (
				CEB4D0292AAA027F00E10B95 /* Sources */,
				CEB4D02A2AAA027F00E10B95 /* Frameworks */,
				CEB4D02B2AAA027F00E10B95 /* Resources */,
			);
			buildRules = (
			);
			dependencies = (
			);
			name = Navigation;
			productName = Navigation;
			productReference = CEB4D02D2AAA027F00E10B95 /* Navigation.app */;
			productType = "com.apple.product-type.application";
		};
/* End PBXNativeTarget section */

/* Begin PBXProject section */
		CEB4D0252AAA027F00E10B95 /* Project object */ = {
			isa = PBXProject;
			attributes = {
				BuildIndependentTargetsInParallel = 1;
				LastSwiftUpdateCheck = 1400;
				LastUpgradeCheck = 1400;
				TargetAttributes = {
					CEB4D02C2AAA027F00E10B95 = {
						CreatedOnToolsVersion = 14.0.1;
					};
				};
			};
			buildConfigurationList = CEB4D0282AAA027F00E10B95 /* Build configuration list for PBXProject "Navigation" */;
			compatibilityVersion = "Xcode 14.0";
			developmentRegion = en;
			hasScannedForEncodings = 0;
			knownRegions = (
				en,
				Base,
			);
			mainGroup = CEB4D0242AAA027F00E10B95;
			productRefGroup = CEB4D02E2AAA027F00E10B95 /* Products */;
			projectDirPath = "";
			projectRoot = "";
			targets = (
				CEB4D02C2AAA027F00E10B95 /* Navigation */,
			);
		};
/* End PBXProject section */

/* Begin PBXResourcesBuildPhase section */
		CEB4D02B2AAA027F00E10B95 /* Resources */ = {
			isa = PBXResourcesBuildPhase;
			buildActionMask = 2147483647;
			files = (
				CEB4D03D2AAA028100E10B95 /* LaunchScreen.storyboard in Resources */,
				CEB4D03A2AAA028100E10B95 /* Assets.xcassets in Resources */,
			);
			runOnlyForDeploymentPostprocessing = 0;
		};
/* End PBXResourcesBuildPhase section */

/* Begin PBXSourcesBuildPhase section */
		CEB4D0292AAA027F00E10B95 /* Sources */ = {
			isa = PBXSourcesBuildPhase;
			buildActionMask = 2147483647;
			files = (
				CEB4D0312AAA027F00E10B95 /* AppDelegate.swift in Sources */,
				CEB4AA252AAB71E300FEBA24 /* PostViewController.swift in Sources */,
				CEB1B27B2AD191C8007F4521 /* LogInViewController.swift in Sources */,
				CECD35AE2AAA2D1F00AB00B6 /* ProfileViewController.swift in Sources */,
				CEB1B2892AE42012007F4521 /* Photos.swift in Sources */,
				CE96EB042AB5FCA500B4D144 /* Post.swift in Sources */,
				CE108BD62AB33A28003BF3C0 /* ProfileHeaderView.swift in Sources */,
				CECD35AC2AAA2CD900AB00B6 /* FeedViewController.swift in Sources */,
				CEB1B27D2AD1924A007F4521 /* PostTableViewCell.swift in Sources */,
				CEB1B27F2AD193F6007F4521 /* ExtensionUIView.swift.swift in Sources */,
				CEB1B2832AE41F0D007F4521 /* PhotosTableViewCell.swift in Sources */,
				CEB1B2812AD1943A007F4521 /* ExtentionUIImage.swift.swift in Sources */,
				CEB1B2872AE41FBC007F4521 /* PhotosCollectionViewCell.swift in Sources */,
				CEB1B2852AE41F82007F4521 /* PhotosViewController.swift in Sources */,
				CEB4AA272AAB728E00FEBA24 /* InfoViewController.swift in Sources */,
				CEB4D0332AAA027F00E10B95 /* SceneDelegate.swift in Sources */,
			);
			runOnlyForDeploymentPostprocessing = 0;
		};
/* End PBXSourcesBuildPhase section */

/* Begin PBXVariantGroup section */
		CEB4D03B2AAA028100E10B95 /* LaunchScreen.storyboard */ = {
			isa = PBXVariantGroup;
			children = (
				CEB4D03C2AAA028100E10B95 /* Base */,
			);
			name = LaunchScreen.storyboard;
			sourceTree = "<group>";
		};
/* End PBXVariantGroup section */

/* Begin XCBuildConfiguration section */
		CEB4D03F2AAA028100E10B95 /* Debug */ = {
			isa = XCBuildConfiguration;
			buildSettings = {
				ALWAYS_SEARCH_USER_PATHS = NO;
				CLANG_ANALYZER_NONNULL = YES;
				CLANG_ANALYZER_NUMBER_OBJECT_CONVERSION = YES_AGGRESSIVE;
				CLANG_CXX_LANGUAGE_STANDARD = "gnu++20";
				CLANG_ENABLE_MODULES = YES;
				CLANG_ENABLE_OBJC_ARC = YES;
				CLANG_ENABLE_OBJC_WEAK = YES;
				CLANG_WARN_BLOCK_CAPTURE_AUTORELEASING = YES;
				CLANG_WARN_BOOL_CONVERSION = YES;
				CLANG_WARN_COMMA = YES;
				CLANG_WARN_CONSTANT_CONVERSION = YES;
				CLANG_WARN_DEPRECATED_OBJC_IMPLEMENTATIONS = YES;
				CLANG_WARN_DIRECT_OBJC_ISA_USAGE = YES_ERROR;
				CLANG_WARN_DOCUMENTATION_COMMENTS = YES;
				CLANG_WARN_EMPTY_BODY = YES;
				CLANG_WARN_ENUM_CONVERSION = YES;
				CLANG_WARN_INFINITE_RECURSION = YES;
				CLANG_WARN_INT_CONVERSION = YES;
				CLANG_WARN_NON_LITERAL_NULL_CONVERSION = YES;
				CLANG_WARN_OBJC_IMPLICIT_RETAIN_SELF = YES;
				CLANG_WARN_OBJC_LITERAL_CONVERSION = YES;
				CLANG_WARN_OBJC_ROOT_CLASS = YES_ERROR;
				CLANG_WARN_QUOTED_INCLUDE_IN_FRAMEWORK_HEADER = YES;
				CLANG_WARN_RANGE_LOOP_ANALYSIS = YES;
				CLANG_WARN_STRICT_PROTOTYPES = YES;
				CLANG_WARN_SUSPICIOUS_MOVE = YES;
				CLANG_WARN_UNGUARDED_AVAILABILITY = YES_AGGRESSIVE;
				CLANG_WARN_UNREACHABLE_CODE = YES;
				CLANG_WARN__DUPLICATE_METHOD_MATCH = YES;
				COPY_PHASE_STRIP = NO;
				DEBUG_INFORMATION_FORMAT = dwarf;
				ENABLE_STRICT_OBJC_MSGSEND = YES;
				ENABLE_TESTABILITY = YES;
				GCC_C_LANGUAGE_STANDARD = gnu11;
				GCC_DYNAMIC_NO_PIC = NO;
				GCC_NO_COMMON_BLOCKS = YES;
				GCC_OPTIMIZATION_LEVEL = 0;
				GCC_PREPROCESSOR_DEFINITIONS = (
					"DEBUG=1",
					"$(inherited)",
				);
				GCC_WARN_64_TO_32_BIT_CONVERSION = YES;
				GCC_WARN_ABOUT_RETURN_TYPE = YES_ERROR;
				GCC_WARN_UNDECLARED_SELECTOR = YES;
				GCC_WARN_UNINITIALIZED_AUTOS = YES_AGGRESSIVE;
				GCC_WARN_UNUSED_FUNCTION = YES;
				GCC_WARN_UNUSED_VARIABLE = YES;
				IPHONEOS_DEPLOYMENT_TARGET = 16.0;
				MTL_ENABLE_DEBUG_INFO = INCLUDE_SOURCE;
				MTL_FAST_MATH = YES;
				ONLY_ACTIVE_ARCH = YES;
				SDKROOT = iphoneos;
				SWIFT_ACTIVE_COMPILATION_CONDITIONS = DEBUG;
				SWIFT_OPTIMIZATION_LEVEL = "-Onone";
			};
			name = Debug;
		};
		CEB4D0402AAA028100E10B95 /* Release */ = {
			isa = XCBuildConfiguration;
			buildSettings = {
				ALWAYS_SEARCH_USER_PATHS = NO;
				CLANG_ANALYZER_NONNULL = YES;
				CLANG_ANALYZER_NUMBER_OBJECT_CONVERSION = YES_AGGRESSIVE;
				CLANG_CXX_LANGUAGE_STANDARD = "gnu++20";
				CLANG_ENABLE_MODULES = YES;
				CLANG_ENABLE_OBJC_ARC = YES;
				CLANG_ENABLE_OBJC_WEAK = YES;
				CLANG_WARN_BLOCK_CAPTURE_AUTORELEASING = YES;
				CLANG_WARN_BOOL_CONVERSION = YES;
				CLANG_WARN_COMMA = YES;
				CLANG_WARN_CONSTANT_CONVERSION = YES;
				CLANG_WARN_DEPRECATED_OBJC_IMPLEMENTATIONS = YES;
				CLANG_WARN_DIRECT_OBJC_ISA_USAGE = YES_ERROR;
				CLANG_WARN_DOCUMENTATION_COMMENTS = YES;
				CLANG_WARN_EMPTY_BODY = YES;
				CLANG_WARN_ENUM_CONVERSION = YES;
				CLANG_WARN_INFINITE_RECURSION = YES;
				CLANG_WARN_INT_CONVERSION = YES;
				CLANG_WARN_NON_LITERAL_NULL_CONVERSION = YES;
				CLANG_WARN_OBJC_IMPLICIT_RETAIN_SELF = YES;
				CLANG_WARN_OBJC_LITERAL_CONVERSION = YES;
				CLANG_WARN_OBJC_ROOT_CLASS = YES_ERROR;
				CLANG_WARN_QUOTED_INCLUDE_IN_FRAMEWORK_HEADER = YES;
				CLANG_WARN_RANGE_LOOP_ANALYSIS = YES;
				CLANG_WARN_STRICT_PROTOTYPES = YES;
				CLANG_WARN_SUSPICIOUS_MOVE = YES;
				CLANG_WARN_UNGUARDED_AVAILABILITY = YES_AGGRESSIVE;
				CLANG_WARN_UNREACHABLE_CODE = YES;
				CLANG_WARN__DUPLICATE_METHOD_MATCH = YES;
				COPY_PHASE_STRIP = NO;
				DEBUG_INFORMATION_FORMAT = "dwarf-with-dsym";
				ENABLE_NS_ASSERTIONS = NO;
				ENABLE_STRICT_OBJC_MSGSEND = YES;
				GCC_C_LANGUAGE_STANDARD = gnu11;
				GCC_NO_COMMON_BLOCKS = YES;
				GCC_WARN_64_TO_32_BIT_CONVERSION = YES;
				GCC_WARN_ABOUT_RETURN_TYPE = YES_ERROR;
				GCC_WARN_UNDECLARED_SELECTOR = YES;
				GCC_WARN_UNINITIALIZED_AUTOS = YES_AGGRESSIVE;
				GCC_WARN_UNUSED_FUNCTION = YES;
				GCC_WARN_UNUSED_VARIABLE = YES;
				IPHONEOS_DEPLOYMENT_TARGET = 16.0;
				MTL_ENABLE_DEBUG_INFO = NO;
				MTL_FAST_MATH = YES;
				SDKROOT = iphoneos;
				SWIFT_COMPILATION_MODE = wholemodule;
				SWIFT_OPTIMIZATION_LEVEL = "-O";
				VALIDATE_PRODUCT = YES;
			};
			name = Release;
		};
		CEB4D0422AAA028100E10B95 /* Debug */ = {
			isa = XCBuildConfiguration;
			buildSettings = {
				ASSETCATALOG_COMPILER_APPICON_NAME = AppIcon;
				ASSETCATALOG_COMPILER_GLOBAL_ACCENT_COLOR_NAME = AccentColor;
				CODE_SIGN_STYLE = Automatic;
				CURRENT_PROJECT_VERSION = 1;
				GENERATE_INFOPLIST_FILE = YES;
				INFOPLIST_FILE = Navigation/Info.plist;
				INFOPLIST_KEY_UIApplicationSupportsIndirectInputEvents = YES;
				INFOPLIST_KEY_UILaunchStoryboardName = LaunchScreen;
				INFOPLIST_KEY_UIStatusBarStyle = "";
				LD_RUNPATH_SEARCH_PATHS = (
					"$(inherited)",
					"@executable_path/Frameworks",
				);
				MARKETING_VERSION = 1.0;
				PRODUCT_BUNDLE_IDENTIFIER = "com.Netology-IB-Instruments.Navigation";
				PRODUCT_NAME = "$(TARGET_NAME)";
				SUPPORTED_PLATFORMS = "iphoneos iphonesimulator";
				SUPPORTS_MACCATALYST = NO;
				SUPPORTS_MAC_DESIGNED_FOR_IPHONE_IPAD = NO;
				SWIFT_EMIT_LOC_STRINGS = YES;
				SWIFT_VERSION = 5.0;
				TARGETED_DEVICE_FAMILY = 1;
			};
			name = Debug;
		};
		CEB4D0432AAA028100E10B95 /* Release */ = {
			isa = XCBuildConfiguration;
			buildSettings = {
				ASSETCATALOG_COMPILER_APPICON_NAME = AppIcon;
				ASSETCATALOG_COMPILER_GLOBAL_ACCENT_COLOR_NAME = AccentColor;
				CODE_SIGN_STYLE = Automatic;
				CURRENT_PROJECT_VERSION = 1;
				GENERATE_INFOPLIST_FILE = YES;
				INFOPLIST_FILE = Navigation/Info.plist;
				INFOPLIST_KEY_UIApplicationSupportsIndirectInputEvents = YES;
				INFOPLIST_KEY_UILaunchStoryboardName = LaunchScreen;
				INFOPLIST_KEY_UIStatusBarStyle = "";
				LD_RUNPATH_SEARCH_PATHS = (
					"$(inherited)",
					"@executable_path/Frameworks",
				);
				MARKETING_VERSION = 1.0;
				PRODUCT_BUNDLE_IDENTIFIER = "com.Netology-IB-Instruments.Navigation";
				PRODUCT_NAME = "$(TARGET_NAME)";
				SUPPORTED_PLATFORMS = "iphoneos iphonesimulator";
				SUPPORTS_MACCATALYST = NO;
				SUPPORTS_MAC_DESIGNED_FOR_IPHONE_IPAD = NO;
				SWIFT_EMIT_LOC_STRINGS = YES;
				SWIFT_VERSION = 5.0;
				TARGETED_DEVICE_FAMILY = 1;
			};
			name = Release;
		};
/* End XCBuildConfiguration section */

/* Begin XCConfigurationList section */
		CEB4D0282AAA027F00E10B95 /* Build configuration list for PBXProject "Navigation" */ = {
			isa = XCConfigurationList;
			buildConfigurations = (
				CEB4D03F2AAA028100E10B95 /* Debug */,
				CEB4D0402AAA028100E10B95 /* Release */,
			);
			defaultConfigurationIsVisible = 0;
			defaultConfigurationName = Release;
		};
		CEB4D0412AAA028100E10B95 /* Build configuration list for PBXNativeTarget "Navigation" */ = {
			isa = XCConfigurationList;
			buildConfigurations = (
				CEB4D0422AAA028100E10B95 /* Debug */,
				CEB4D0432AAA028100E10B95 /* Release */,
			);
			defaultConfigurationIsVisible = 0;
			defaultConfigurationName = Release;
		};
/* End XCConfigurationList section */
	};
	rootObject = CEB4D0252AAA027F00E10B95 /* Project object */;
}
